
Microsoft Visual Studio Solution File, Format Version 12.00
# Visual Studio Version 16
VisualStudioVersion = 16.0.29709.97
MinimumVisualStudioVersion = 10.0.40219.1
Project("{9A19103F-16F7-4668-BE54-9A1E7A4F7556}") = "BookTransactionAPI", "BookTransactionAPI.csproj", "{2A684B1C-2737-4164-ACFC-0D9021469460}"
EndProject
Global
	GlobalSection(SolutionConfigurationPlatforms) = preSolution
		Debug|Any CPU = Debug|Any CPU
		Release|Any CPU = Release|Any CPU
	EndGlobalSection
	GlobalSection(ProjectConfigurationPlatforms) = postSolution
		{2A684B1C-2737-4164-ACFC-0D9021469460}.Debug|Any CPU.ActiveCfg = Debug|Any CPU
		{2A684B1C-2737-4164-ACFC-0D9021469460}.Debug|Any CPU.Build.0 = Debug|Any CPU
		{2A684B1C-2737-4164-ACFC-0D9021469460}.Release|Any CPU.ActiveCfg = Release|Any CPU
		{2A684B1C-2737-4164-ACFC-0D9021469460}.Release|Any CPU.Build.0 = Release|Any CPU
	EndGlobalSection
	GlobalSection(SolutionProperties) = preSolution
		HideSolutionNode = FALSE
	EndGlobalSection
	GlobalSection(ExtensibilityGlobals) = postSolution
		SolutionGuid = {E5A9619A-82DF-45A8-9FF3-E57EFD40B61A}
	EndGlobalSection
EndGlobal
